
Microsoft Visual Studio Solution File, Format Version 12.00
# Visual Studio Version 16
VisualStudioVersion = 16.0.31829.152
MinimumVisualStudioVersion = 10.0.40219.1
Project("{FAE04EC0-301F-11D3-BF4B-00C04F79EFBC}") = "StoreDB", "StoreDB\StoreDB.csproj", "{BF69A27B-0C9F-42E7-9197-1A759F580AB8}"
EndProject
Project("{FAE04EC0-301F-11D3-BF4B-00C04F79EFBC}") = "StoreLogic", "StoreLogic\StoreLogic.csproj", "{E44D637C-2428-4DC1-8F81-488ECF3B63C2}"
EndProject
Project("{FAE04EC0-301F-11D3-BF4B-00C04F79EFBC}") = "StoreUI", "StoreUI\StoreUI.csproj", "{B7802D3D-DD57-4B96-84AD-38476F144B15}"
EndProject
Global
	GlobalSection(SolutionConfigurationPlatforms) = preSolution
		Debug|Any CPU = Debug|Any CPU
		Release|Any CPU = Release|Any CPU
	EndGlobalSection
	GlobalSection(ProjectConfigurationPlatforms) = postSolution
		{BF69A27B-0C9F-42E7-9197-1A759F580AB8}.Debug|Any CPU.ActiveCfg = Debug|Any CPU
		{BF69A27B-0C9F-42E7-9197-1A759F580AB8}.Debug|Any CPU.Build.0 = Debug|Any CPU
		{BF69A27B-0C9F-42E7-9197-1A759F580AB8}.Release|Any CPU.ActiveCfg = Release|Any CPU
		{BF69A27B-0C9F-42E7-9197-1A759F580AB8}.Release|Any CPU.Build.0 = Release|Any CPU
		{E44D637C-2428-4DC1-8F81-488ECF3B63C2}.Debug|Any CPU.ActiveCfg = Debug|Any CPU
		{E44D637C-2428-4DC1-8F81-488ECF3B63C2}.Debug|Any CPU.Build.0 = Debug|Any CPU
		{E44D637C-2428-4DC1-8F81-488ECF3B63C2}.Release|Any CPU.ActiveCfg = Release|Any CPU
		{E44D637C-2428-4DC1-8F81-488ECF3B63C2}.Release|Any CPU.Build.0 = Release|Any CPU
		{B7802D3D-DD57-4B96-84AD-38476F144B15}.Debug|Any CPU.ActiveCfg = Debug|Any CPU
		{B7802D3D-DD57-4B96-84AD-38476F144B15}.Debug|Any CPU.Build.0 = Debug|Any CPU
		{B7802D3D-DD57-4B96-84AD-38476F144B15}.Release|Any CPU.ActiveCfg = Release|Any CPU
		{B7802D3D-DD57-4B96-84AD-38476F144B15}.Release|Any CPU.Build.0 = Release|Any CPU
	EndGlobalSection
	GlobalSection(SolutionProperties) = preSolution
		HideSolutionNode = FALSE
	EndGlobalSection
	GlobalSection(ExtensibilityGlobals) = postSolution
		SolutionGuid = {7AAE32E7-5B6D-44FD-AA46-43FF7E7058FE}
	EndGlobalSection
EndGlobal
